// !$*UTF8*$!
{
	archiveVersion = 1;
	classes = {
	};
	objectVersion = 50;
	objects = {

/* Begin PBXBuildFile section */
		7F44AEE024526F3500FEB84E /* １年化学.csv in Resources */ = {isa = PBXBuildFile; fileRef = 7F44AEDF24526F3500FEB84E /* １年化学.csv */; };
		7F44AEE424528EA900FEB84E /* ShowAlert.swift in Sources */ = {isa = PBXBuildFile; fileRef = 7F44AEE324528EA900FEB84E /* ShowAlert.swift */; };
		7F5E062B2445743D0039AC76 /* StartViewController.swift in Sources */ = {isa = PBXBuildFile; fileRef = 7F5E062A2445743D0039AC76 /* StartViewController.swift */; };
		7F5E062E244578130039AC76 /* AudioToolbox.framework in Frameworks */ = {isa = PBXBuildFile; fileRef = 7F5E062D244578130039AC76 /* AudioToolbox.framework */; };
		7F5E06312445849C0039AC76 /* incorrect@2x.png in Resources */ = {isa = PBXBuildFile; fileRef = 7F5E062F2445849B0039AC76 /* incorrect@2x.png */; };
		7F5E06322445849C0039AC76 /* correct@2x.png in Resources */ = {isa = PBXBuildFile; fileRef = 7F5E06302445849C0039AC76 /* correct@2x.png */; };
		7F5E0634244596BD0039AC76 /* ResultViewController.swift in Sources */ = {isa = PBXBuildFile; fileRef = 7F5E0633244596BD0039AC76 /* ResultViewController.swift */; };
		7F5E063624459C410039AC76 /* １年植物.csv in Resources */ = {isa = PBXBuildFile; fileRef = 7F5E063524459C410039AC76 /* １年植物.csv */; };
		7F88C309244EBA4A00F8ABA3 /* １年動物.csv in Resources */ = {isa = PBXBuildFile; fileRef = 7F88C308244EBA4A00F8ABA3 /* １年動物.csv */; };
		7F88C30B244ED74800F8ABA3 /* Singleton.swift in Sources */ = {isa = PBXBuildFile; fileRef = 7F88C30A244ED74800F8ABA3 /* Singleton.swift */; };
		7FDE598D2444411100003916 /* AppDelegate.swift in Sources */ = {isa = PBXBuildFile; fileRef = 7FDE598C2444411100003916 /* AppDelegate.swift */; };
		7FDE598F2444411100003916 /* SceneDelegate.swift in Sources */ = {isa = PBXBuildFile; fileRef = 7FDE598E2444411100003916 /* SceneDelegate.swift */; };
		7FDE59942444411100003916 /* Main.storyboard in Resources */ = {isa = PBXBuildFile; fileRef = 7FDE59922444411100003916 /* Main.storyboard */; };
		7FDE59962444411400003916 /* Assets.xcassets in Resources */ = {isa = PBXBuildFile; fileRef = 7FDE59952444411400003916 /* Assets.xcassets */; };
		7FDE59992444411400003916 /* LaunchScreen.storyboard in Resources */ = {isa = PBXBuildFile; fileRef = 7FDE59972444411400003916 /* LaunchScreen.storyboard */; };
		7FDE59A32444456700003916 /* QuestionViewController.swift in Sources */ = {isa = PBXBuildFile; fileRef = 7FDE59A22444456600003916 /* QuestionViewController.swift */; };
		7FDE59A524444A3400003916 /* QuestionDataManager.swift in Sources */ = {isa = PBXBuildFile; fileRef = 7FDE59A424444A3400003916 /* QuestionDataManager.swift */; };
		7FDF6713244FCBDB00C8AD06 /* １年物理.csv in Resources */ = {isa = PBXBuildFile; fileRef = 7FDF6710244FCBDA00C8AD06 /* １年物理.csv */; };
		7FDF6714244FCBDB00C8AD06 /* １年地学.csv in Resources */ = {isa = PBXBuildFile; fileRef = 7FDF6711244FCBDB00C8AD06 /* １年地学.csv */; };
/* End PBXBuildFile section */

/* Begin PBXFileReference section */
		7F44AEDF24526F3500FEB84E /* １年化学.csv */ = {isa = PBXFileReference; fileEncoding = 4; lastKnownFileType = text; path = "１年化学.csv"; sourceTree = "<group>"; };
		7F44AEE324528EA900FEB84E /* ShowAlert.swift */ = {isa = PBXFileReference; lastKnownFileType = sourcecode.swift; path = ShowAlert.swift; sourceTree = "<group>"; };
		7F46659B244BEA7D00E1E0EF /* readme.md */ = {isa = PBXFileReference; lastKnownFileType = net.daringfireball.markdown; path = readme.md; sourceTree = "<group>"; };
		7F5E062A2445743D0039AC76 /* StartViewController.swift */ = {isa = PBXFileReference; lastKnownFileType = sourcecode.swift; path = StartViewController.swift; sourceTree = "<group>"; };
		7F5E062D244578130039AC76 /* AudioToolbox.framework */ = {isa = PBXFileReference; lastKnownFileType = wrapper.framework; name = AudioToolbox.framework; path = System/Library/Frameworks/AudioToolbox.framework; sourceTree = SDKROOT; };
		7F5E062F2445849B0039AC76 /* incorrect@2x.png */ = {isa = PBXFileReference; lastKnownFileType = image.png; path = "incorrect@2x.png"; sourceTree = "<group>"; };
		7F5E06302445849C0039AC76 /* correct@2x.png */ = {isa = PBXFileReference; lastKnownFileType = image.png; path = "correct@2x.png"; sourceTree = "<group>"; };
		7F5E0633244596BD0039AC76 /* ResultViewController.swift */ = {isa = PBXFileReference; lastKnownFileType = sourcecode.swift; path = ResultViewController.swift; sourceTree = "<group>"; };
		7F5E063524459C410039AC76 /* １年植物.csv */ = {isa = PBXFileReference; fileEncoding = 4; lastKnownFileType = text; path = "１年植物.csv"; sourceTree = "<group>"; };
		7F88C308244EBA4A00F8ABA3 /* １年動物.csv */ = {isa = PBXFileReference; fileEncoding = 4; lastKnownFileType = text; path = "１年動物.csv"; sourceTree = "<group>"; };
		7F88C30A244ED74800F8ABA3 /* Singleton.swift */ = {isa = PBXFileReference; lastKnownFileType = sourcecode.swift; path = Singleton.swift; sourceTree = "<group>"; };
		7FDE59892444411100003916 /* ImpWords.app */ = {isa = PBXFileReference; explicitFileType = wrapper.application; includeInIndex = 0; path = ImpWords.app; sourceTree = BUILT_PRODUCTS_DIR; };
		7FDE598C2444411100003916 /* AppDelegate.swift */ = {isa = PBXFileReference; lastKnownFileType = sourcecode.swift; path = AppDelegate.swift; sourceTree = "<group>"; };
		7FDE598E2444411100003916 /* SceneDelegate.swift */ = {isa = PBXFileReference; lastKnownFileType = sourcecode.swift; path = SceneDelegate.swift; sourceTree = "<group>"; };
		7FDE59932444411100003916 /* Base */ = {isa = PBXFileReference; lastKnownFileType = file.storyboard; name = Base; path = Base.lproj/Main.storyboard; sourceTree = "<group>"; };
		7FDE59952444411400003916 /* Assets.xcassets */ = {isa = PBXFileReference; lastKnownFileType = folder.assetcatalog; path = Assets.xcassets; sourceTree = "<group>"; };
		7FDE59982444411400003916 /* Base */ = {isa = PBXFileReference; lastKnownFileType = file.storyboard; name = Base; path = Base.lproj/LaunchScreen.storyboard; sourceTree = "<group>"; };
		7FDE599A2444411400003916 /* Info.plist */ = {isa = PBXFileReference; lastKnownFileType = text.plist.xml; path = Info.plist; sourceTree = "<group>"; };
		7FDE59A22444456600003916 /* QuestionViewController.swift */ = {isa = PBXFileReference; lastKnownFileType = sourcecode.swift; path = QuestionViewController.swift; sourceTree = "<group>"; };
		7FDE59A424444A3400003916 /* QuestionDataManager.swift */ = {isa = PBXFileReference; lastKnownFileType = sourcecode.swift; path = QuestionDataManager.swift; sourceTree = "<group>"; };
		7FDF6710244FCBDA00C8AD06 /* １年物理.csv */ = {isa = PBXFileReference; fileEncoding = 4; lastKnownFileType = text; path = "１年物理.csv"; sourceTree = "<group>"; };
		7FDF6711244FCBDB00C8AD06 /* １年地学.csv */ = {isa = PBXFileReference; fileEncoding = 4; lastKnownFileType = text; path = "１年地学.csv"; sourceTree = "<group>"; };
/* End PBXFileReference section */

/* Begin PBXFrameworksBuildPhase section */
		7FDE59862444411100003916 /* Frameworks */ = {
			isa = PBXFrameworksBuildPhase;
			buildActionMask = 2147483647;
			files = (
				7F5E062E244578130039AC76 /* AudioToolbox.framework in Frameworks */,
			);
			runOnlyForDeploymentPostprocessing = 0;
		};
/* End PBXFrameworksBuildPhase section */

/* Begin PBXGroup section */
		7F5E062C244578130039AC76 /* Frameworks */ = {
			isa = PBXGroup;
			children = (
				7F5E062D244578130039AC76 /* AudioToolbox.framework */,
			);
			name = Frameworks;
			sourceTree = "<group>";
		};
		7FDE59802444411100003916 = {
			isa = PBXGroup;
			children = (
				7F44AEE324528EA900FEB84E /* ShowAlert.swift */,
				7FDE598B2444411100003916 /* ImpWords */,
				7FDE598A2444411100003916 /* Products */,
				7F5E062C244578130039AC76 /* Frameworks */,
			);
			sourceTree = "<group>";
		};
		7FDE598A2444411100003916 /* Products */ = {
			isa = PBXGroup;
			children = (
				7FDE59892444411100003916 /* ImpWords.app */,
			);
			name = Products;
			sourceTree = "<group>";
		};
		7FDE598B2444411100003916 /* ImpWords */ = {
			isa = PBXGroup;
			children = (
				7FDE598C2444411100003916 /* AppDelegate.swift */,
				7FDE598E2444411100003916 /* SceneDelegate.swift */,
				7F5E062A2445743D0039AC76 /* StartViewController.swift */,
				7FDE59922444411100003916 /* Main.storyboard */,
				7FDE59A424444A3400003916 /* QuestionDataManager.swift */,
				7FDE59A22444456600003916 /* QuestionViewController.swift */,
				7F88C30A244ED74800F8ABA3 /* Singleton.swift */,
				7F5E0633244596BD0039AC76 /* ResultViewController.swift */,
				7FDE59952444411400003916 /* Assets.xcassets */,
				7F44AEDF24526F3500FEB84E /* １年化学.csv */,
				7FDF6711244FCBDB00C8AD06 /* １年地学.csv */,
				7FDF6710244FCBDA00C8AD06 /* １年物理.csv */,
				7F5E063524459C410039AC76 /* １年植物.csv */,
				7F88C308244EBA4A00F8ABA3 /* １年動物.csv */,
				7F5E06302445849C0039AC76 /* correct@2x.png */,
				7F5E062F2445849B0039AC76 /* incorrect@2x.png */,
				7FDE59972444411400003916 /* LaunchScreen.storyboard */,
				7FDE599A2444411400003916 /* Info.plist */,
				7F46659B244BEA7D00E1E0EF /* readme.md */,
			);
			path = ImpWords;
			sourceTree = "<group>";
		};
/* End PBXGroup section */

/* Begin PBXNativeTarget section */
		7FDE59882444411100003916 /* ImpWords */ = {
			isa = PBXNativeTarget;
			buildConfigurationList = 7FDE599D2444411400003916 /* Build configuration list for PBXNativeTarget "ImpWords" */;
			buildPhases = (
				7FDE59852444411100003916 /* Sources */,
				7FDE59862444411100003916 /* Frameworks */,
				7FDE59872444411100003916 /* Resources */,
			);
			buildRules = (
			);
			dependencies = (
			);
			name = ImpWords;
			productName = ImpWords;
			productReference = 7FDE59892444411100003916 /* ImpWords.app */;
			productType = "com.apple.product-type.application";
		};
/* End PBXNativeTarget section */

/* Begin PBXProject section */
		7FDE59812444411100003916 /* Project object */ = {
			isa = PBXProject;
			attributes = {
				LastSwiftUpdateCheck = 1140;
				LastUpgradeCheck = 1140;
				ORGANIZATIONNAME = "森部高昌";
				TargetAttributes = {
					7FDE59882444411100003916 = {
						CreatedOnToolsVersion = 11.4;
					};
				};
			};
			buildConfigurationList = 7FDE59842444411100003916 /* Build configuration list for PBXProject "ImpWords" */;
			compatibilityVersion = "Xcode 9.3";
			developmentRegion = en;
			hasScannedForEncodings = 0;
			knownRegions = (
				en,
				Base,
			);
			mainGroup = 7FDE59802444411100003916;
			productRefGroup = 7FDE598A2444411100003916 /* Products */;
			projectDirPath = "";
			projectRoot = "";
			targets = (
				7FDE59882444411100003916 /* ImpWords */,
			);
		};
/* End PBXProject section */

/* Begin PBXResourcesBuildPhase section */
		7FDE59872444411100003916 /* Resources */ = {
			isa = PBXResourcesBuildPhase;
			buildActionMask = 2147483647;
			files = (
				7FDE59992444411400003916 /* LaunchScreen.storyboard in Resources */,
				7FDE59962444411400003916 /* Assets.xcassets in Resources */,
				7F5E06322445849C0039AC76 /* correct@2x.png in Resources */,
				7F5E06312445849C0039AC76 /* incorrect@2x.png in Resources */,
				7F5E063624459C410039AC76 /* １年植物.csv in Resources */,
				7FDE59942444411100003916 /* Main.storyboard in Resources */,
				7FDF6714244FCBDB00C8AD06 /* １年地学.csv in Resources */,
				7F44AEE024526F3500FEB84E /* １年化学.csv in Resources */,
				7F88C309244EBA4A00F8ABA3 /* １年動物.csv in Resources */,
				7FDF6713244FCBDB00C8AD06 /* １年物理.csv in Resources */,
			);
			runOnlyForDeploymentPostprocessing = 0;
		};
/* End PBXResourcesBuildPhase section */

/* Begin PBXSourcesBuildPhase section */
		7FDE59852444411100003916 /* Sources */ = {
			isa = PBXSourcesBuildPhase;
			buildActionMask = 2147483647;
			files = (
				7FDE598D2444411100003916 /* AppDelegate.swift in Sources */,
				7F88C30B244ED74800F8ABA3 /* Singleton.swift in Sources */,
				7FDE59A32444456700003916 /* QuestionViewController.swift in Sources */,
				7F44AEE424528EA900FEB84E /* ShowAlert.swift in Sources */,
				7FDE59A524444A3400003916 /* QuestionDataManager.swift in Sources */,
				7FDE598F2444411100003916 /* SceneDelegate.swift in Sources */,
				7F5E062B2445743D0039AC76 /* StartViewController.swift in Sources */,
				7F5E0634244596BD0039AC76 /* ResultViewController.swift in Sources */,
			);
			runOnlyForDeploymentPostprocessing = 0;
		};
/* End PBXSourcesBuildPhase section */

/* Begin PBXVariantGroup section */
		7FDE59922444411100003916 /* Main.storyboard */ = {
			isa = PBXVariantGroup;
			children = (
				7FDE59932444411100003916 /* Base */,
			);
			name = Main.storyboard;
			sourceTree = "<group>";
		};
		7FDE59972444411400003916 /* LaunchScreen.storyboard */ = {
			isa = PBXVariantGroup;
			children = (
				7FDE59982444411400003916 /* Base */,
			);
			name = LaunchScreen.storyboard;
			sourceTree = "<group>";
		};
/* End PBXVariantGroup section */

/* Begin XCBuildConfiguration section */
		7FDE599B2444411400003916 /* Debug */ = {
			isa = XCBuildConfiguration;
			buildSettings = {
				ALWAYS_SEARCH_USER_PATHS = NO;
				CLANG_ANALYZER_NONNULL = YES;
				CLANG_ANALYZER_NUMBER_OBJECT_CONVERSION = YES_AGGRESSIVE;
				CLANG_CXX_LANGUAGE_STANDARD = "gnu++14";
				CLANG_CXX_LIBRARY = "libc++";
				CLANG_ENABLE_MODULES = YES;
				CLANG_ENABLE_OBJC_ARC = YES;
				CLANG_ENABLE_OBJC_WEAK = YES;
				CLANG_WARN_BLOCK_CAPTURE_AUTORELEASING = YES;
				CLANG_WARN_BOOL_CONVERSION = YES;
				CLANG_WARN_COMMA = YES;
				CLANG_WARN_CONSTANT_CONVERSION = YES;
				CLANG_WARN_DEPRECATED_OBJC_IMPLEMENTATIONS = YES;
				CLANG_WARN_DIRECT_OBJC_ISA_USAGE = YES_ERROR;
				CLANG_WARN_DOCUMENTATION_COMMENTS = YES;
				CLANG_WARN_EMPTY_BODY = YES;
				CLANG_WARN_ENUM_CONVERSION = YES;
				CLANG_WARN_INFINITE_RECURSION = YES;
				CLANG_WARN_INT_CONVERSION = YES;
				CLANG_WARN_NON_LITERAL_NULL_CONVERSION = YES;
				CLANG_WARN_OBJC_IMPLICIT_RETAIN_SELF = YES;
				CLANG_WARN_OBJC_LITERAL_CONVERSION = YES;
				CLANG_WARN_OBJC_ROOT_CLASS = YES_ERROR;
				CLANG_WARN_RANGE_LOOP_ANALYSIS = YES;
				CLANG_WARN_STRICT_PROTOTYPES = YES;
				CLANG_WARN_SUSPICIOUS_MOVE = YES;
				CLANG_WARN_UNGUARDED_AVAILABILITY = YES_AGGRESSIVE;
				CLANG_WARN_UNREACHABLE_CODE = YES;
				CLANG_WARN__DUPLICATE_METHOD_MATCH = YES;
				COPY_PHASE_STRIP = NO;
				DEBUG_INFORMATION_FORMAT = dwarf;
				ENABLE_STRICT_OBJC_MSGSEND = YES;
				ENABLE_TESTABILITY = YES;
				GCC_C_LANGUAGE_STANDARD = gnu11;
				GCC_DYNAMIC_NO_PIC = NO;
				GCC_NO_COMMON_BLOCKS = YES;
				GCC_OPTIMIZATION_LEVEL = 0;
				GCC_PREPROCESSOR_DEFINITIONS = (
					"DEBUG=1",
					"$(inherited)",
				);
				GCC_WARN_64_TO_32_BIT_CONVERSION = YES;
				GCC_WARN_ABOUT_RETURN_TYPE = YES_ERROR;
				GCC_WARN_UNDECLARED_SELECTOR = YES;
				GCC_WARN_UNINITIALIZED_AUTOS = YES_AGGRESSIVE;
				GCC_WARN_UNUSED_FUNCTION = YES;
				GCC_WARN_UNUSED_VARIABLE = YES;
				IPHONEOS_DEPLOYMENT_TARGET = 13.4;
				MTL_ENABLE_DEBUG_INFO = INCLUDE_SOURCE;
				MTL_FAST_MATH = YES;
				ONLY_ACTIVE_ARCH = YES;
				SDKROOT = iphoneos;
				SWIFT_ACTIVE_COMPILATION_CONDITIONS = DEBUG;
				SWIFT_OPTIMIZATION_LEVEL = "-Onone";
			};
			name = Debug;
		};
		7FDE599C2444411400003916 /* Release */ = {
			isa = XCBuildConfiguration;
			buildSettings = {
				ALWAYS_SEARCH_USER_PATHS = NO;
				CLANG_ANALYZER_NONNULL = YES;
				CLANG_ANALYZER_NUMBER_OBJECT_CONVERSION = YES_AGGRESSIVE;
				CLANG_CXX_LANGUAGE_STANDARD = "gnu++14";
				CLANG_CXX_LIBRARY = "libc++";
				CLANG_ENABLE_MODULES = YES;
				CLANG_ENABLE_OBJC_ARC = YES;
				CLANG_ENABLE_OBJC_WEAK = YES;
				CLANG_WARN_BLOCK_CAPTURE_AUTORELEASING = YES;
				CLANG_WARN_BOOL_CONVERSION = YES;
				CLANG_WARN_COMMA = YES;
				CLANG_WARN_CONSTANT_CONVERSION = YES;
				CLANG_WARN_DEPRECATED_OBJC_IMPLEMENTATIONS = YES;
				CLANG_WARN_DIRECT_OBJC_ISA_USAGE = YES_ERROR;
				CLANG_WARN_DOCUMENTATION_COMMENTS = YES;
				CLANG_WARN_EMPTY_BODY = YES;
				CLANG_WARN_ENUM_CONVERSION = YES;
				CLANG_WARN_INFINITE_RECURSION = YES;
				CLANG_WARN_INT_CONVERSION = YES;
				CLANG_WARN_NON_LITERAL_NULL_CONVERSION = YES;
				CLANG_WARN_OBJC_IMPLICIT_RETAIN_SELF = YES;
				CLANG_WARN_OBJC_LITERAL_CONVERSION = YES;
				CLANG_WARN_OBJC_ROOT_CLASS = YES_ERROR;
				CLANG_WARN_RANGE_LOOP_ANALYSIS = YES;
				CLANG_WARN_STRICT_PROTOTYPES = YES;
				CLANG_WARN_SUSPICIOUS_MOVE = YES;
				CLANG_WARN_UNGUARDED_AVAILABILITY = YES_AGGRESSIVE;
				CLANG_WARN_UNREACHABLE_CODE = YES;
				CLANG_WARN__DUPLICATE_METHOD_MATCH = YES;
				COPY_PHASE_STRIP = NO;
				DEBUG_INFORMATION_FORMAT = "dwarf-with-dsym";
				ENABLE_NS_ASSERTIONS = NO;
				ENABLE_STRICT_OBJC_MSGSEND = YES;
				GCC_C_LANGUAGE_STANDARD = gnu11;
				GCC_NO_COMMON_BLOCKS = YES;
				GCC_WARN_64_TO_32_BIT_CONVERSION = YES;
				GCC_WARN_ABOUT_RETURN_TYPE = YES_ERROR;
				GCC_WARN_UNDECLARED_SELECTOR = YES;
				GCC_WARN_UNINITIALIZED_AUTOS = YES_AGGRESSIVE;
				GCC_WARN_UNUSED_FUNCTION = YES;
				GCC_WARN_UNUSED_VARIABLE = YES;
				IPHONEOS_DEPLOYMENT_TARGET = 13.4;
				MTL_ENABLE_DEBUG_INFO = NO;
				MTL_FAST_MATH = YES;
				SDKROOT = iphoneos;
				SWIFT_COMPILATION_MODE = wholemodule;
				SWIFT_OPTIMIZATION_LEVEL = "-O";
				VALIDATE_PRODUCT = YES;
			};
			name = Release;
		};
		7FDE599E2444411400003916 /* Debug */ = {
			isa = XCBuildConfiguration;
			buildSettings = {
				ASSETCATALOG_COMPILER_APPICON_NAME = AppIcon;
				CODE_SIGN_STYLE = Automatic;
				DEVELOPMENT_TEAM = SWH2R7NJX7;
				INFOPLIST_FILE = ImpWords/Info.plist;
				LD_RUNPATH_SEARCH_PATHS = (
					"$(inherited)",
					"@executable_path/Frameworks",
				);
				PRODUCT_BUNDLE_IDENTIFIER = "com.nifty-bxi00673.ImpWords";
				PRODUCT_NAME = "$(TARGET_NAME)";
				SWIFT_VERSION = 5.0;
				TARGETED_DEVICE_FAMILY = "1,2";
			};
			name = Debug;
		};
		7FDE599F2444411400003916 /* Release */ = {
			isa = XCBuildConfiguration;
			buildSettings = {
				ASSETCATALOG_COMPILER_APPICON_NAME = AppIcon;
				CODE_SIGN_STYLE = Automatic;
				DEVELOPMENT_TEAM = SWH2R7NJX7;
				INFOPLIST_FILE = ImpWords/Info.plist;
				LD_RUNPATH_SEARCH_PATHS = (
					"$(inherited)",
					"@executable_path/Frameworks",
				);
				PRODUCT_BUNDLE_IDENTIFIER = "com.nifty-bxi00673.ImpWords";
				PRODUCT_NAME = "$(TARGET_NAME)";
				SWIFT_VERSION = 5.0;
				TARGETED_DEVICE_FAMILY = "1,2";
			};
			name = Release;
		};
/* End XCBuildConfiguration section */

/* Begin XCConfigurationList section */
		7FDE59842444411100003916 /* Build configuration list for PBXProject "ImpWords" */ = {
			isa = XCConfigurationList;
			buildConfigurations = (
				7FDE599B2444411400003916 /* Debug */,
				7FDE599C2444411400003916 /* Release */,
			);
			defaultConfigurationIsVisible = 0;
			defaultConfigurationName = Release;
		};
		7FDE599D2444411400003916 /* Build configuration list for PBXNativeTarget "ImpWords" */ = {
			isa = XCConfigurationList;
			buildConfigurations = (
				7FDE599E2444411400003916 /* Debug */,
				7FDE599F2444411400003916 /* Release */,
			);
			defaultConfigurationIsVisible = 0;
			defaultConfigurationName = Release;
		};
/* End XCConfigurationList section */
	};
	rootObject = 7FDE59812444411100003916 /* Project object */;
}
